
Microsoft Visual Studio Solution File, Format Version 12.00
# Visual Studio Version 17
VisualStudioVersion = 17.0.31912.275
MinimumVisualStudioVersion = 10.0.40219.1
Project("{FAE04EC0-301F-11D3-BF4B-00C04F79EFBC}") = "HttpService", "src\HttpService\HttpService.csproj", "{9FD25C06-DAC6-4CB9-BF6C-FDEB3D3461AB}"
EndProject
Project("{FAE04EC0-301F-11D3-BF4B-00C04F79EFBC}") = "HttpService.Web.Client", "test\HttpService.Web\Client\HttpService.Web.Client.csproj", "{B8E877D2-B148-4915-BBF6-5E8EA0A3353A}"
EndProject
Project("{FAE04EC0-301F-11D3-BF4B-00C04F79EFBC}") = "HttpService.Web.Server", "test\HttpService.Web\Server\HttpService.Web.Server.csproj", "{EA7CEC8E-EAEC-4426-8B2C-31893953F4C0}"
EndProject
Global
	GlobalSection(SolutionConfigurationPlatforms) = preSolution
		Debug|Any CPU = Debug|Any CPU
		Release|Any CPU = Release|Any CPU
	EndGlobalSection
	GlobalSection(ProjectConfigurationPlatforms) = postSolution
		{9FD25C06-DAC6-4CB9-BF6C-FDEB3D3461AB}.Debug|Any CPU.ActiveCfg = Debug|Any CPU
		{9FD25C06-DAC6-4CB9-BF6C-FDEB3D3461AB}.Debug|Any CPU.Build.0 = Debug|Any CPU
		{9FD25C06-DAC6-4CB9-BF6C-FDEB3D3461AB}.Release|Any CPU.ActiveCfg = Release|Any CPU
		{9FD25C06-DAC6-4CB9-BF6C-FDEB3D3461AB}.Release|Any CPU.Build.0 = Release|Any CPU
		{B8E877D2-B148-4915-BBF6-5E8EA0A3353A}.Debug|Any CPU.ActiveCfg = Debug|Any CPU
		{B8E877D2-B148-4915-BBF6-5E8EA0A3353A}.Debug|Any CPU.Build.0 = Debug|Any CPU
		{B8E877D2-B148-4915-BBF6-5E8EA0A3353A}.Release|Any CPU.ActiveCfg = Release|Any CPU
		{B8E877D2-B148-4915-BBF6-5E8EA0A3353A}.Release|Any CPU.Build.0 = Release|Any CPU
		{EA7CEC8E-EAEC-4426-8B2C-31893953F4C0}.Debug|Any CPU.ActiveCfg = Debug|Any CPU
		{EA7CEC8E-EAEC-4426-8B2C-31893953F4C0}.Debug|Any CPU.Build.0 = Debug|Any CPU
		{EA7CEC8E-EAEC-4426-8B2C-31893953F4C0}.Release|Any CPU.ActiveCfg = Release|Any CPU
		{EA7CEC8E-EAEC-4426-8B2C-31893953F4C0}.Release|Any CPU.Build.0 = Release|Any CPU
	EndGlobalSection
	GlobalSection(SolutionProperties) = preSolution
		HideSolutionNode = FALSE
	EndGlobalSection
	GlobalSection(ExtensibilityGlobals) = postSolution
		SolutionGuid = {D9F27D8C-126A-401B-9F60-845BE936AE1C}
	EndGlobalSection
EndGlobal
